
Microsoft Visual Studio Solution File, Format Version 12.00
# Visual Studio 2012
Project("{FAE04EC0-301F-11D3-BF4B-00C04F79EFBC}") = "EduardsLibrary", "EduardsLibrary\EduardsLibrary.csproj", "{00228F24-C835-447B-B740-594731566330}"
EndProject
Global
	GlobalSection(SolutionConfigurationPlatforms) = preSolution
		Debug|Any CPU = Debug|Any CPU
		Release|Any CPU = Release|Any CPU
	EndGlobalSection
	GlobalSection(ProjectConfigurationPlatforms) = postSolution
		{00228F24-C835-447B-B740-594731566330}.Debug|Any CPU.ActiveCfg = Debug|Any CPU
		{00228F24-C835-447B-B740-594731566330}.Debug|Any CPU.Build.0 = Debug|Any CPU
		{00228F24-C835-447B-B740-594731566330}.Release|Any CPU.ActiveCfg = Release|Any CPU
		{00228F24-C835-447B-B740-594731566330}.Release|Any CPU.Build.0 = Release|Any CPU
	EndGlobalSection
	GlobalSection(SolutionProperties) = preSolution
		HideSolutionNode = FALSE
	EndGlobalSection
EndGlobal
